
Microsoft Visual Studio Solution File, Format Version 12.00
# Visual Studio Version 17
VisualStudioVersion = 17.11.35327.3
MinimumVisualStudioVersion = 10.0.40219.1
Project("{FAE04EC0-301F-11D3-BF4B-00C04F79EFBC}") = "H11Oef7(3Keer5Getallen)", "H11Oef7(3Keer5Getallen)\H11Oef7(3Keer5Getallen).csproj", "{C199D04B-3D3B-4C6A-9C43-0A9E1C4FFC65}"
EndProject
Global
	GlobalSection(SolutionConfigurationPlatforms) = preSolution
		Debug|Any CPU = Debug|Any CPU
		Release|Any CPU = Release|Any CPU
	EndGlobalSection
	GlobalSection(ProjectConfigurationPlatforms) = postSolution
		{C199D04B-3D3B-4C6A-9C43-0A9E1C4FFC65}.Debug|Any CPU.ActiveCfg = Debug|Any CPU
		{C199D04B-3D3B-4C6A-9C43-0A9E1C4FFC65}.Debug|Any CPU.Build.0 = Debug|Any CPU
		{C199D04B-3D3B-4C6A-9C43-0A9E1C4FFC65}.Release|Any CPU.ActiveCfg = Release|Any CPU
		{C199D04B-3D3B-4C6A-9C43-0A9E1C4FFC65}.Release|Any CPU.Build.0 = Release|Any CPU
	EndGlobalSection
	GlobalSection(SolutionProperties) = preSolution
		HideSolutionNode = FALSE
	EndGlobalSection
	GlobalSection(ExtensibilityGlobals) = postSolution
		SolutionGuid = {51C4B2DC-986D-4707-AC40-7C7C7073A3CF}
	EndGlobalSection
EndGlobal
